Microsoft Visual Studio Solution File, Format Version 12.00
# Visual Studio Version 17
VisualStudioVersion = 17.0.31903.59
MinimumVisualStudioVersion = 10.0.40219.1
Project("{FAE04EC0-301F-11D3-BF4B-00C04F79EFBC}") = "EnterpriseAI.Abstractions", "src\EnterpriseAI.Abstractions\EnterpriseAI.Abstractions.csproj", "{7A55E3B0-067B-4C81-8CB0-56E4226FBA40}"
EndProject
Project("{FAE04EC0-301F-11D3-BF4B-00C04F79EFBC}") = "EnterpriseAI.Core", "src\EnterpriseAI.Core\EnterpriseAI.Core.csproj", "{8E5D9450-4D0B-4708-90DF-06A3BA51236E}"
EndProject
Project("{FAE04EC0-301F-11D3-BF4B-00C04F79EFBC}") = "EnterpriseAI.Tests", "tests\EnterpriseAI.Tests\EnterpriseAI.Tests.csproj", "{34701A73-6CB2-40DB-A061-49B0663E1B2F}"
EndProject
Global
	GlobalSection(SolutionConfigurationPlatforms) = preSolution
		Debug|Any CPU = Debug|Any CPU
		Release|Any CPU = Release|Any CPU
	EndGlobalSection
	GlobalSection(ProjectConfigurationPlatforms) = postSolution
		{7A55E3B0-067B-4C81-8CB0-56E4226FBA40}.Debug|Any CPU.ActiveCfg = Debug|Any CPU
		{7A55E3B0-067B-4C81-8CB0-56E4226FBA40}.Debug|Any CPU.Build.0 = Debug|Any CPU
		{7A55E3B0-067B-4C81-8CB0-56E4226FBA40}.Release|Any CPU.ActiveCfg = Release|Any CPU
		{7A55E3B0-067B-4C81-8CB0-56E4226FBA40}.Release|Any CPU.Build.0 = Release|Any CPU
		{8E5D9450-4D0B-4708-90DF-06A3BA51236E}.Debug|Any CPU.ActiveCfg = Debug|Any CPU
		{8E5D9450-4D0B-4708-90DF-06A3BA51236E}.Debug|Any CPU.Build.0 = Debug|Any CPU
		{8E5D9450-4D0B-4708-90DF-06A3BA51236E}.Release|Any CPU.ActiveCfg = Release|Any CPU
		{8E5D9450-4D0B-4708-90DF-06A3BA51236E}.Release|Any CPU.Build.0 = Release|Any CPU
		{34701A73-6CB2-40DB-A061-49B0663E1B2F}.Debug|Any CPU.ActiveCfg = Debug|Any CPU
		{34701A73-6CB2-40DB-A061-49B0663E1B2F}.Debug|Any CPU.Build.0 = Debug|Any CPU
		{34701A73-6CB2-40DB-A061-49B0663E1B2F}.Release|Any CPU.ActiveCfg = Release|Any CPU
		{34701A73-6CB2-40DB-A061-49B0663E1B2F}.Release|Any CPU.Build.0 = Release|Any CPU
	EndGlobalSection
	GlobalSection(SolutionProperties) = preSolution
		HideSolutionNode = FALSE
	EndGlobalSection
EndGlobal
